
Microsoft Visual Studio Solution File, Format Version 12.00
# Visual Studio Express 2012 for Web
Project("{FAE04EC0-301F-11D3-BF4B-00C04F79EFBC}") = "PPW_Website", "PPW_Website\PPW_Website.csproj", "{FAE32460-8143-479F-9C29-155125C67FF1}"
EndProject
Project("{FAE04EC0-301F-11D3-BF4B-00C04F79EFBC}") = "PPW_Website.Tests", "PPW_Website.Tests\PPW_Website.Tests.csproj", "{786F047C-004B-47AE-8A23-F05075C673C7}"
EndProject
Global
	GlobalSection(SolutionConfigurationPlatforms) = preSolution
		Debug|Any CPU = Debug|Any CPU
		Release|Any CPU = Release|Any CPU
	EndGlobalSection
	GlobalSection(ProjectConfigurationPlatforms) = postSolution
		{FAE32460-8143-479F-9C29-155125C67FF1}.Debug|Any CPU.ActiveCfg = Debug|Any CPU
		{FAE32460-8143-479F-9C29-155125C67FF1}.Debug|Any CPU.Build.0 = Debug|Any CPU
		{FAE32460-8143-479F-9C29-155125C67FF1}.Release|Any CPU.ActiveCfg = Release|Any CPU
		{FAE32460-8143-479F-9C29-155125C67FF1}.Release|Any CPU.Build.0 = Release|Any CPU
		{786F047C-004B-47AE-8A23-F05075C673C7}.Debug|Any CPU.ActiveCfg = Debug|Any CPU
		{786F047C-004B-47AE-8A23-F05075C673C7}.Debug|Any CPU.Build.0 = Debug|Any CPU
		{786F047C-004B-47AE-8A23-F05075C673C7}.Release|Any CPU.ActiveCfg = Release|Any CPU
		{786F047C-004B-47AE-8A23-F05075C673C7}.Release|Any CPU.Build.0 = Release|Any CPU
	EndGlobalSection
	GlobalSection(SolutionProperties) = preSolution
		HideSolutionNode = FALSE
	EndGlobalSection
EndGlobal
